
Microsoft Visual Studio Solution File, Format Version 12.00
# Visual Studio 14
VisualStudioVersion = 14.0.25123.0
MinimumVisualStudioVersion = 10.0.40219.1
Project("{FAE04EC0-301F-11D3-BF4B-00C04F79EFBC}") = "Task3", "..\..\..\..\..\..\Downloads\Kuzmina\Task3\Task3\Task3.csproj", "{2AE78924-1DA3-4BCF-AAD0-C318EFED02DA}"
EndProject
Project("{FAE04EC0-301F-11D3-BF4B-00C04F79EFBC}") = "Task2", "Task2\Task2.csproj", "{B038645B-59EA-4AED-8A22-C1815F2708DD}"
EndProject
Global
	GlobalSection(SolutionConfigurationPlatforms) = preSolution
		Debug|Any CPU = Debug|Any CPU
		Release|Any CPU = Release|Any CPU
	EndGlobalSection
	GlobalSection(ProjectConfigurationPlatforms) = postSolution
		{2AE78924-1DA3-4BCF-AAD0-C318EFED02DA}.Debug|Any CPU.ActiveCfg = Debug|Any CPU
		{2AE78924-1DA3-4BCF-AAD0-C318EFED02DA}.Debug|Any CPU.Build.0 = Debug|Any CPU
		{2AE78924-1DA3-4BCF-AAD0-C318EFED02DA}.Release|Any CPU.ActiveCfg = Release|Any CPU
		{2AE78924-1DA3-4BCF-AAD0-C318EFED02DA}.Release|Any CPU.Build.0 = Release|Any CPU
		{B038645B-59EA-4AED-8A22-C1815F2708DD}.Debug|Any CPU.ActiveCfg = Debug|Any CPU
		{B038645B-59EA-4AED-8A22-C1815F2708DD}.Debug|Any CPU.Build.0 = Debug|Any CPU
		{B038645B-59EA-4AED-8A22-C1815F2708DD}.Release|Any CPU.ActiveCfg = Release|Any CPU
		{B038645B-59EA-4AED-8A22-C1815F2708DD}.Release|Any CPU.Build.0 = Release|Any CPU
	EndGlobalSection
	GlobalSection(SolutionProperties) = preSolution
		HideSolutionNode = FALSE
	EndGlobalSection
EndGlobal
