
Microsoft Visual Studio Solution File, Format Version 12.00
# Visual Studio 14
VisualStudioVersion = 14.0.24720.0
MinimumVisualStudioVersion = 10.0.40219.1
Project("{FAE04EC0-301F-11D3-BF4B-00C04F79EFBC}") = "Task3", "Task3.csproj", "{32AA5B9E-D209-4503-BE9D-9FFA13B0982D}"
EndProject
Global
	GlobalSection(SolutionConfigurationPlatforms) = preSolution
		Debug|Any CPU = Debug|Any CPU
		Release|Any CPU = Release|Any CPU
	EndGlobalSection
	GlobalSection(ProjectConfigurationPlatforms) = postSolution
		{32AA5B9E-D209-4503-BE9D-9FFA13B0982D}.Debug|Any CPU.ActiveCfg = Debug|Any CPU
		{32AA5B9E-D209-4503-BE9D-9FFA13B0982D}.Debug|Any CPU.Build.0 = Debug|Any CPU
		{32AA5B9E-D209-4503-BE9D-9FFA13B0982D}.Release|Any CPU.ActiveCfg = Release|Any CPU
		{32AA5B9E-D209-4503-BE9D-9FFA13B0982D}.Release|Any CPU.Build.0 = Release|Any CPU
	EndGlobalSection
	GlobalSection(SolutionProperties) = preSolution
		HideSolutionNode = FALSE
	EndGlobalSection
EndGlobal
